
Microsoft Visual Studio Solution File, Format Version 12.00
# Visual Studio Version 16
VisualStudioVersion = 16.0.32929.386
MinimumVisualStudioVersion = 10.0.40219.1
Project("{FAE04EC0-301F-11D3-BF4B-00C04F79EFBC}") = "App1", "App1\App1.csproj", "{D2D808D9-8F59-497F-8EC9-E16BFD870EB4}"
EndProject
Project("{FAE04EC0-301F-11D3-BF4B-00C04F79EFBC}") = "App2", "App2\App2.csproj", "{FBF09470-9606-44F2-B87C-7CA84BF51F9A}"
EndProject
Global
	GlobalSection(SolutionConfigurationPlatforms) = preSolution
		Debug|Any CPU = Debug|Any CPU
		Release|Any CPU = Release|Any CPU
	EndGlobalSection
	GlobalSection(ProjectConfigurationPlatforms) = postSolution
		{D2D808D9-8F59-497F-8EC9-E16BFD870EB4}.Debug|Any CPU.ActiveCfg = Debug|Any CPU
		{D2D808D9-8F59-497F-8EC9-E16BFD870EB4}.Debug|Any CPU.Build.0 = Debug|Any CPU
		{D2D808D9-8F59-497F-8EC9-E16BFD870EB4}.Release|Any CPU.ActiveCfg = Release|Any CPU
		{D2D808D9-8F59-497F-8EC9-E16BFD870EB4}.Release|Any CPU.Build.0 = Release|Any CPU
		{FBF09470-9606-44F2-B87C-7CA84BF51F9A}.Debug|Any CPU.ActiveCfg = Debug|Any CPU
		{FBF09470-9606-44F2-B87C-7CA84BF51F9A}.Debug|Any CPU.Build.0 = Debug|Any CPU
		{FBF09470-9606-44F2-B87C-7CA84BF51F9A}.Release|Any CPU.ActiveCfg = Release|Any CPU
		{FBF09470-9606-44F2-B87C-7CA84BF51F9A}.Release|Any CPU.Build.0 = Release|Any CPU
	EndGlobalSection
	GlobalSection(SolutionProperties) = preSolution
		HideSolutionNode = FALSE
	EndGlobalSection
	GlobalSection(ExtensibilityGlobals) = postSolution
		SolutionGuid = {B703B8E3-5649-4ED6-8493-FE945147B9D3}
	EndGlobalSection
EndGlobal
